
Microsoft Visual Studio Solution File, Format Version 12.00
# Visual Studio Version 18
VisualStudioVersion = 18.5.11709.299 stable
MinimumVisualStudioVersion = 10.0.40219.1
Project("{2150E333-8FDC-42A3-9474-1A3956D46DE8}") = "Core", "Core", "{FBF56CC3-7AE6-AD2D-3F14-7F97FD322CD6}"
EndProject
Project("{2150E333-8FDC-42A3-9474-1A3956D46DE8}") = "Infrastructure", "Infrastructure", "{DFEE68D8-A7D0-1A41-506C-9B74AA9A7B7B}"
EndProject
Project("{2150E333-8FDC-42A3-9474-1A3956D46DE8}") = "Shared", "Shared", "{4F52FD11-658E-A102-6CD3-7D7C16FFA15B}"
EndProject
Project("{2150E333-8FDC-42A3-9474-1A3956D46DE8}") = "WebAPI", "WebAPI", "{6EDC7094-E22D-CF10-605B-B42C7FB8B0A8}"
EndProject
Project("{2150E333-8FDC-42A3-9474-1A3956D46DE8}") = "Plugins", "Plugins", "{07D57EEB-2F50-60C4-C011-FE4FA775C9A8}"
EndProject
Project("{2150E333-8FDC-42A3-9474-1A3956D46DE8}") = "ACL", "ACL", "{C0D3587E-146B-0461-A9EE-63B8225B7EFA}"
EndProject
Project("{2150E333-8FDC-42A3-9474-1A3956D46DE8}") = "CMS", "CMS", "{48132410-428D-68FA-58F7-433FC3024040}"
EndProject
Project("{2150E333-8FDC-42A3-9474-1A3956D46DE8}") = "Communication", "Communication", "{169AA057-E0AA-7B5E-5C92-5BD17B0C6DAA}"
EndProject
Project("{2150E333-8FDC-42A3-9474-1A3956D46DE8}") = "Donations", "Donations", "{589DB843-878F-CEB5-4C79-32FB20B0E7CF}"
EndProject
Project("{2150E333-8FDC-42A3-9474-1A3956D46DE8}") = "FieldReports", "FieldReports", "{57B71314-0579-B23B-6938-8A63F74CA15D}"
EndProject
Project("{2150E333-8FDC-42A3-9474-1A3956D46DE8}") = "GDPR", "GDPR", "{EBC29B59-216D-1B0E-C515-0BD91669EE17}"
EndProject
Project("{2150E333-8FDC-42A3-9474-1A3956D46DE8}") = "Invitations", "Invitations", "{9982512D-D844-F97C-880A-FFF821434714}"
EndProject
Project("{2150E333-8FDC-42A3-9474-1A3956D46DE8}") = "Resources", "Resources", "{5CAD6086-394F-15F4-E9AB-C687FAE84797}"
EndProject
Project("{2150E333-8FDC-42A3-9474-1A3956D46DE8}") = "Schema", "Schema", "{2E6462E8-132D-4E45-9BDE-7E1AF47098CE}"
EndProject
Project("{2150E333-8FDC-42A3-9474-1A3956D46DE8}") = "SuperAdmin", "SuperAdmin", "{4F6AD9B1-26E0-C2BC-F9C3-5B73F9B6258B}"
EndProject
Project("{2150E333-8FDC-42A3-9474-1A3956D46DE8}") = "WorkManagement.Activities", "WorkManagement.Activities", "{A7F8B914-58C3-DFD2-78C4-767E0C357190}"
EndProject
Project("{2150E333-8FDC-42A3-9474-1A3956D46DE8}") = "WorkManagement.Projects", "WorkManagement.Projects", "{2C2B6DB0-4EC4-3927-9523-208A7A40CAFA}"
EndProject
Project("{2150E333-8FDC-42A3-9474-1A3956D46DE8}") = "Tests", "Tests", "{0AB3BF05-4346-4AA6-1389-037BE0695223}"
EndProject
Project("{2150E333-8FDC-42A3-9474-1A3956D46DE8}") = "Common", "Common", "{E20385C6-4CD7-5BF4-C007-71E5EE00BC8D}"
EndProject
Project("{2150E333-8FDC-42A3-9474-1A3956D46DE8}") = "Core", "Core", "{5C35D9BE-388A-8745-CD5F-BB8E361A8720}"
EndProject
Project("{2150E333-8FDC-42A3-9474-1A3956D46DE8}") = "Infrastructure", "Infrastructure", "{2CDFC2B4-03A0-2A52-1000-A892D95DD3FA}"
EndProject
Project("{2150E333-8FDC-42A3-9474-1A3956D46DE8}") = "Integration", "Integration", "{28A6993C-471E-82FE-7D9E-AD3B1EC22BD9}"
EndProject
Project("{2150E333-8FDC-42A3-9474-1A3956D46DE8}") = "Plugins", "Plugins", "{251FA40C-AC2F-1119-6E2C-255695F88EFF}"
EndProject
Project("{FAE04EC0-301F-11D3-BF4B-00C04F79EFBC}") = "Lidstroem.Core", "Core\Lidstroem.Core.csproj", "{F8570426-8FA3-4E8C-A92F-90CB59FAD805}"
EndProject
Project("{FAE04EC0-301F-11D3-BF4B-00C04F79EFBC}") = "Lidstroem.Infrastructure", "Infrastructure\Lidstroem.Infrastructure.csproj", "{484C6B66-5F4F-4E5C-AB62-E684D173E0E2}"
EndProject
Project("{FAE04EC0-301F-11D3-BF4B-00C04F79EFBC}") = "Lidstroem.Shared", "Shared\Lidstroem.Shared.csproj", "{AC11F8FD-8767-4AF8-8719-D643A526227B}"
EndProject
Project("{FAE04EC0-301F-11D3-BF4B-00C04F79EFBC}") = "Lidstroem.WebAPI", "WebAPI\Lidstroem.WebAPI.csproj", "{8454B9B4-DA09-4DC2-A5C4-2E7DF438D250}"
EndProject
Project("{FAE04EC0-301F-11D3-BF4B-00C04F79EFBC}") = "Lidstroem.Plugins.ACL", "Plugins\ACL\Lidstroem.Plugins.ACL.csproj", "{AEDBB7EB-89B3-406E-B27C-6938A35BA847}"
EndProject
Project("{FAE04EC0-301F-11D3-BF4B-00C04F79EFBC}") = "Lidstroem.Plugins.CMS", "Plugins\CMS\Lidstroem.Plugins.CMS.csproj", "{7DB13170-CD03-4904-A5E9-FCB64808E700}"
EndProject
Project("{FAE04EC0-301F-11D3-BF4B-00C04F79EFBC}") = "Lidstroem.Plugins.Communication", "Plugins\Communication\Lidstroem.Plugins.Communication.csproj", "{1F9D98A4-9AFC-4C49-BB8A-4EF2BB3ED86D}"
EndProject
Project("{FAE04EC0-301F-11D3-BF4B-00C04F79EFBC}") = "Lidstroem.Plugins.Donations", "Plugins\Donations\Lidstroem.Plugins.Donations.csproj", "{96DCA361-3947-4D61-88E8-79CA79ECA41C}"
EndProject
Project("{FAE04EC0-301F-11D3-BF4B-00C04F79EFBC}") = "Lidstroem.Plugins.FieldReports", "Plugins\FieldReports\Lidstroem.Plugins.FieldReports.csproj", "{DAE9F722-2792-4569-A0C7-17ED4BCF2D8F}"
EndProject
Project("{FAE04EC0-301F-11D3-BF4B-00C04F79EFBC}") = "Lidstroem.Plugins.GDPR", "Plugins\GDPR\Lidstroem.Plugins.GDPR.csproj", "{F17295C6-2C4C-4B53-898C-C1753686DB1D}"
EndProject
Project("{FAE04EC0-301F-11D3-BF4B-00C04F79EFBC}") = "Lidstroem.Plugins.Invitations", "Plugins\Invitations\Lidstroem.Plugins.Invitations.csproj", "{7E8BD113-3ED2-49F5-8374-19368399B598}"
EndProject
Project("{FAE04EC0-301F-11D3-BF4B-00C04F79EFBC}") = "Lidstroem.Plugins.Resources", "Plugins\Resources\Lidstroem.Plugins.Resources.csproj", "{59B88B45-5475-4B61-8FC0-7314B9FFC24E}"
EndProject
Project("{FAE04EC0-301F-11D3-BF4B-00C04F79EFBC}") = "Lidstroem.Plugins.Schema", "Plugins\Schema\Lidstroem.Plugins.Schema.csproj", "{DD8FC290-B71F-498F-842F-8A3001A48BAB}"
EndProject
Project("{FAE04EC0-301F-11D3-BF4B-00C04F79EFBC}") = "Lidstroem.Plugins.SuperAdmin", "Plugins\SuperAdmin\Lidstroem.Plugins.SuperAdmin.csproj", "{289396DA-B476-4E66-BB98-0FAC126A003A}"
EndProject
Project("{FAE04EC0-301F-11D3-BF4B-00C04F79EFBC}") = "Lidstroem.Plugins.WorkManagement.Activities", "Plugins\WorkManagement.Activities\Lidstroem.Plugins.WorkManagement.Activities.csproj", "{5D957593-C179-4E22-A921-1A0DEC76B247}"
EndProject
Project("{2150E333-8FDC-42A3-9474-1A3956D46DE8}") = "Reports", "Reports", "{B3C1A2D4-5E6F-7890-ABCD-EF1234567890}"
EndProject
Project("{FAE04EC0-301F-11D3-BF4B-00C04F79EFBC}") = "Lidstroem.Plugins.Reports", "Plugins\Reports\Lidstroem.Plugins.Reports.csproj", "{A1B2C3D4-E5F6-7890-ABCD-EF1234567891}"
EndProject
Project("{FAE04EC0-301F-11D3-BF4B-00C04F79EFBC}") = "Lidstroem.Plugins.WorkManagement.Projects", "Plugins\WorkManagement.Projects\Lidstroem.Plugins.WorkManagement.Projects.csproj", "{2529DF5E-64EC-497F-B2DD-78F5D3C31B7C}"
EndProject
Project("{FAE04EC0-301F-11D3-BF4B-00C04F79EFBC}") = "Lidstroem.Tests.Common", "Tests\Common\Lidstroem.Tests.Common.csproj", "{A246C515-75F7-44F9-A9F3-6E11EB717D19}"
EndProject
Project("{FAE04EC0-301F-11D3-BF4B-00C04F79EFBC}") = "Lidstroem.Tests.Core", "Tests\Core\Lidstroem.Tests.Core.csproj", "{CA2BE0FF-661E-4948-8FA1-C80107FDFE3D}"
EndProject
Project("{FAE04EC0-301F-11D3-BF4B-00C04F79EFBC}") = "Lidstroem.Tests.Infrastructure", "Tests\Infrastructure\Lidstroem.Tests.Infrastructure.csproj", "{96C9BB99-3009-471D-BD29-EDCE0FF990C6}"
EndProject
Project("{FAE04EC0-301F-11D3-BF4B-00C04F79EFBC}") = "Lidstroem.Tests.Integration", "Tests\Integration\Lidstroem.Tests.Integration.csproj", "{060BFD02-5EB3-4260-AA7C-8E2A5F80AA4C}"
EndProject
Project("{FAE04EC0-301F-11D3-BF4B-00C04F79EFBC}") = "Lidstroem.Tests.Plugins", "Tests\Plugins\Lidstroem.Tests.Plugins.csproj", "{230E837C-3325-42EA-BA0F-303B69963D68}"
EndProject
Project("{FAE04EC0-301F-11D3-BF4B-00C04F79EFBC}") = "Lidstroem.Frontend", "..\frontend\Lidstroem.Frontend.csproj", "{647D794D-A286-73CD-E610-4AF1A66113C3}"
EndProject
Global
	GlobalSection(SolutionConfigurationPlatforms) = preSolution
		Debug|Any CPU = Debug|Any CPU
		Debug|x64 = Debug|x64
		Debug|x86 = Debug|x86
		Release|Any CPU = Release|Any CPU
		Release|x64 = Release|x64
		Release|x86 = Release|x86
	EndGlobalSection
	GlobalSection(ProjectConfigurationPlatforms) = postSolution
		{F8570426-8FA3-4E8C-A92F-90CB59FAD805}.Debug|Any CPU.ActiveCfg = Debug|Any CPU
		{F8570426-8FA3-4E8C-A92F-90CB59FAD805}.Debug|Any CPU.Build.0 = Debug|Any CPU
		{F8570426-8FA3-4E8C-A92F-90CB59FAD805}.Debug|x64.ActiveCfg = Debug|Any CPU
		{F8570426-8FA3-4E8C-A92F-90CB59FAD805}.Debug|x64.Build.0 = Debug|Any CPU
		{F8570426-8FA3-4E8C-A92F-90CB59FAD805}.Debug|x86.ActiveCfg = Debug|Any CPU
		{F8570426-8FA3-4E8C-A92F-90CB59FAD805}.Debug|x86.Build.0 = Debug|Any CPU
		{F8570426-8FA3-4E8C-A92F-90CB59FAD805}.Release|Any CPU.ActiveCfg = Release|Any CPU
		{F8570426-8FA3-4E8C-A92F-90CB59FAD805}.Release|Any CPU.Build.0 = Release|Any CPU
		{F8570426-8FA3-4E8C-A92F-90CB59FAD805}.Release|x64.ActiveCfg = Release|Any CPU
		{F8570426-8FA3-4E8C-A92F-90CB59FAD805}.Release|x64.Build.0 = Release|Any CPU
		{F8570426-8FA3-4E8C-A92F-90CB59FAD805}.Release|x86.ActiveCfg = Release|Any CPU
		{F8570426-8FA3-4E8C-A92F-90CB59FAD805}.Release|x86.Build.0 = Release|Any CPU
		{484C6B66-5F4F-4E5C-AB62-E684D173E0E2}.Debug|Any CPU.ActiveCfg = Debug|Any CPU
		{484C6B66-5F4F-4E5C-AB62-E684D173E0E2}.Debug|Any CPU.Build.0 = Debug|Any CPU
		{484C6B66-5F4F-4E5C-AB62-E684D173E0E2}.Debug|x64.ActiveCfg = Debug|Any CPU
		{484C6B66-5F4F-4E5C-AB62-E684D173E0E2}.Debug|x64.Build.0 = Debug|Any CPU
		{484C6B66-5F4F-4E5C-AB62-E684D173E0E2}.Debug|x86.ActiveCfg = Debug|Any CPU
		{484C6B66-5F4F-4E5C-AB62-E684D173E0E2}.Debug|x86.Build.0 = Debug|Any CPU
		{484C6B66-5F4F-4E5C-AB62-E684D173E0E2}.Release|Any CPU.ActiveCfg = Release|Any CPU
		{484C6B66-5F4F-4E5C-AB62-E684D173E0E2}.Release|Any CPU.Build.0 = Release|Any CPU
		{484C6B66-5F4F-4E5C-AB62-E684D173E0E2}.Release|x64.ActiveCfg = Release|Any CPU
		{484C6B66-5F4F-4E5C-AB62-E684D173E0E2}.Release|x64.Build.0 = Release|Any CPU
		{484C6B66-5F4F-4E5C-AB62-E684D173E0E2}.Release|x86.ActiveCfg = Release|Any CPU
		{484C6B66-5F4F-4E5C-AB62-E684D173E0E2}.Release|x86.Build.0 = Release|Any CPU
		{AC11F8FD-8767-4AF8-8719-D643A526227B}.Debug|Any CPU.ActiveCfg = Debug|Any CPU
		{AC11F8FD-8767-4AF8-8719-D643A526227B}.Debug|Any CPU.Build.0 = Debug|Any CPU
		{AC11F8FD-8767-4AF8-8719-D643A526227B}.Debug|x64.ActiveCfg = Debug|Any CPU
		{AC11F8FD-8767-4AF8-8719-D643A526227B}.Debug|x64.Build.0 = Debug|Any CPU
		{AC11F8FD-8767-4AF8-8719-D643A526227B}.Debug|x86.ActiveCfg = Debug|Any CPU
		{AC11F8FD-8767-4AF8-8719-D643A526227B}.Debug|x86.Build.0 = Debug|Any CPU
		{AC11F8FD-8767-4AF8-8719-D643A526227B}.Release|Any CPU.ActiveCfg = Release|Any CPU
		{AC11F8FD-8767-4AF8-8719-D643A526227B}.Release|Any CPU.Build.0 = Release|Any CPU
		{AC11F8FD-8767-4AF8-8719-D643A526227B}.Release|x64.ActiveCfg = Release|Any CPU
		{AC11F8FD-8767-4AF8-8719-D643A526227B}.Release|x64.Build.0 = Release|Any CPU
		{AC11F8FD-8767-4AF8-8719-D643A526227B}.Release|x86.ActiveCfg = Release|Any CPU
		{AC11F8FD-8767-4AF8-8719-D643A526227B}.Release|x86.Build.0 = Release|Any CPU
		{8454B9B4-DA09-4DC2-A5C4-2E7DF438D250}.Debug|Any CPU.ActiveCfg = Debug|Any CPU
		{8454B9B4-DA09-4DC2-A5C4-2E7DF438D250}.Debug|Any CPU.Build.0 = Debug|Any CPU
		{8454B9B4-DA09-4DC2-A5C4-2E7DF438D250}.Debug|x64.ActiveCfg = Debug|Any CPU
		{8454B9B4-DA09-4DC2-A5C4-2E7DF438D250}.Debug|x64.Build.0 = Debug|Any CPU
		{8454B9B4-DA09-4DC2-A5C4-2E7DF438D250}.Debug|x86.ActiveCfg = Debug|Any CPU
		{8454B9B4-DA09-4DC2-A5C4-2E7DF438D250}.Debug|x86.Build.0 = Debug|Any CPU
		{8454B9B4-DA09-4DC2-A5C4-2E7DF438D250}.Release|Any CPU.ActiveCfg = Release|Any CPU
		{8454B9B4-DA09-4DC2-A5C4-2E7DF438D250}.Release|Any CPU.Build.0 = Release|Any CPU
		{8454B9B4-DA09-4DC2-A5C4-2E7DF438D250}.Release|x64.ActiveCfg = Release|Any CPU
		{8454B9B4-DA09-4DC2-A5C4-2E7DF438D250}.Release|x64.Build.0 = Release|Any CPU
		{8454B9B4-DA09-4DC2-A5C4-2E7DF438D250}.Release|x86.ActiveCfg = Release|Any CPU
		{8454B9B4-DA09-4DC2-A5C4-2E7DF438D250}.Release|x86.Build.0 = Release|Any CPU
		{AEDBB7EB-89B3-406E-B27C-6938A35BA847}.Debug|Any CPU.ActiveCfg = Debug|Any CPU
		{AEDBB7EB-89B3-406E-B27C-6938A35BA847}.Debug|Any CPU.Build.0 = Debug|Any CPU
		{AEDBB7EB-89B3-406E-B27C-6938A35BA847}.Debug|x64.ActiveCfg = Debug|Any CPU
		{AEDBB7EB-89B3-406E-B27C-6938A35BA847}.Debug|x64.Build.0 = Debug|Any CPU
		{AEDBB7EB-89B3-406E-B27C-6938A35BA847}.Debug|x86.ActiveCfg = Debug|Any CPU
		{AEDBB7EB-89B3-406E-B27C-6938A35BA847}.Debug|x86.Build.0 = Debug|Any CPU
		{AEDBB7EB-89B3-406E-B27C-6938A35BA847}.Release|Any CPU.ActiveCfg = Release|Any CPU
		{AEDBB7EB-89B3-406E-B27C-6938A35BA847}.Release|Any CPU.Build.0 = Release|Any CPU
		{AEDBB7EB-89B3-406E-B27C-6938A35BA847}.Release|x64.ActiveCfg = Release|Any CPU
		{AEDBB7EB-89B3-406E-B27C-6938A35BA847}.Release|x64.Build.0 = Release|Any CPU
		{AEDBB7EB-89B3-406E-B27C-6938A35BA847}.Release|x86.ActiveCfg = Release|Any CPU
		{AEDBB7EB-89B3-406E-B27C-6938A35BA847}.Release|x86.Build.0 = Release|Any CPU
		{7DB13170-CD03-4904-A5E9-FCB64808E700}.Debug|Any CPU.ActiveCfg = Debug|Any CPU
		{7DB13170-CD03-4904-A5E9-FCB64808E700}.Debug|Any CPU.Build.0 = Debug|Any CPU
		{7DB13170-CD03-4904-A5E9-FCB64808E700}.Debug|x64.ActiveCfg = Debug|Any CPU
		{7DB13170-CD03-4904-A5E9-FCB64808E700}.Debug|x64.Build.0 = Debug|Any CPU
		{7DB13170-CD03-4904-A5E9-FCB64808E700}.Debug|x86.ActiveCfg = Debug|Any CPU
		{7DB13170-CD03-4904-A5E9-FCB64808E700}.Debug|x86.Build.0 = Debug|Any CPU
		{7DB13170-CD03-4904-A5E9-FCB64808E700}.Release|Any CPU.ActiveCfg = Release|Any CPU
		{7DB13170-CD03-4904-A5E9-FCB64808E700}.Release|Any CPU.Build.0 = Release|Any CPU
		{7DB13170-CD03-4904-A5E9-FCB64808E700}.Release|x64.ActiveCfg = Release|Any CPU
		{7DB13170-CD03-4904-A5E9-FCB64808E700}.Release|x64.Build.0 = Release|Any CPU
		{7DB13170-CD03-4904-A5E9-FCB64808E700}.Release|x86.ActiveCfg = Release|Any CPU
		{7DB13170-CD03-4904-A5E9-FCB64808E700}.Release|x86.Build.0 = Release|Any CPU
		{1F9D98A4-9AFC-4C49-BB8A-4EF2BB3ED86D}.Debug|Any CPU.ActiveCfg = Debug|Any CPU
		{1F9D98A4-9AFC-4C49-BB8A-4EF2BB3ED86D}.Debug|Any CPU.Build.0 = Debug|Any CPU
		{1F9D98A4-9AFC-4C49-BB8A-4EF2BB3ED86D}.Debug|x64.ActiveCfg = Debug|Any CPU
		{1F9D98A4-9AFC-4C49-BB8A-4EF2BB3ED86D}.Debug|x64.Build.0 = Debug|Any CPU
		{1F9D98A4-9AFC-4C49-BB8A-4EF2BB3ED86D}.Debug|x86.ActiveCfg = Debug|Any CPU
		{1F9D98A4-9AFC-4C49-BB8A-4EF2BB3ED86D}.Debug|x86.Build.0 = Debug|Any CPU
		{1F9D98A4-9AFC-4C49-BB8A-4EF2BB3ED86D}.Release|Any CPU.ActiveCfg = Release|Any CPU
		{1F9D98A4-9AFC-4C49-BB8A-4EF2BB3ED86D}.Release|Any CPU.Build.0 = Release|Any CPU
		{1F9D98A4-9AFC-4C49-BB8A-4EF2BB3ED86D}.Release|x64.ActiveCfg = Release|Any CPU
		{1F9D98A4-9AFC-4C49-BB8A-4EF2BB3ED86D}.Release|x64.Build.0 = Release|Any CPU
		{1F9D98A4-9AFC-4C49-BB8A-4EF2BB3ED86D}.Release|x86.ActiveCfg = Release|Any CPU
		{1F9D98A4-9AFC-4C49-BB8A-4EF2BB3ED86D}.Release|x86.Build.0 = Release|Any CPU
		{96DCA361-3947-4D61-88E8-79CA79ECA41C}.Debug|Any CPU.ActiveCfg = Debug|Any CPU
		{96DCA361-3947-4D61-88E8-79CA79ECA41C}.Debug|Any CPU.Build.0 = Debug|Any CPU
		{96DCA361-3947-4D61-88E8-79CA79ECA41C}.Debug|x64.ActiveCfg = Debug|Any CPU
		{96DCA361-3947-4D61-88E8-79CA79ECA41C}.Debug|x64.Build.0 = Debug|Any CPU
		{96DCA361-3947-4D61-88E8-79CA79ECA41C}.Debug|x86.ActiveCfg = Debug|Any CPU
		{96DCA361-3947-4D61-88E8-79CA79ECA41C}.Debug|x86.Build.0 = Debug|Any CPU
		{96DCA361-3947-4D61-88E8-79CA79ECA41C}.Release|Any CPU.ActiveCfg = Release|Any CPU
		{96DCA361-3947-4D61-88E8-79CA79ECA41C}.Release|Any CPU.Build.0 = Release|Any CPU
		{96DCA361-3947-4D61-88E8-79CA79ECA41C}.Release|x64.ActiveCfg = Release|Any CPU
		{96DCA361-3947-4D61-88E8-79CA79ECA41C}.Release|x64.Build.0 = Release|Any CPU
		{96DCA361-3947-4D61-88E8-79CA79ECA41C}.Release|x86.ActiveCfg = Release|Any CPU
		{96DCA361-3947-4D61-88E8-79CA79ECA41C}.Release|x86.Build.0 = Release|Any CPU
		{DAE9F722-2792-4569-A0C7-17ED4BCF2D8F}.Debug|Any CPU.ActiveCfg = Debug|Any CPU
		{DAE9F722-2792-4569-A0C7-17ED4BCF2D8F}.Debug|Any CPU.Build.0 = Debug|Any CPU
		{DAE9F722-2792-4569-A0C7-17ED4BCF2D8F}.Debug|x64.ActiveCfg = Debug|Any CPU
		{DAE9F722-2792-4569-A0C7-17ED4BCF2D8F}.Debug|x64.Build.0 = Debug|Any CPU
		{DAE9F722-2792-4569-A0C7-17ED4BCF2D8F}.Debug|x86.ActiveCfg = Debug|Any CPU
		{DAE9F722-2792-4569-A0C7-17ED4BCF2D8F}.Debug|x86.Build.0 = Debug|Any CPU
		{DAE9F722-2792-4569-A0C7-17ED4BCF2D8F}.Release|Any CPU.ActiveCfg = Release|Any CPU
		{DAE9F722-2792-4569-A0C7-17ED4BCF2D8F}.Release|Any CPU.Build.0 = Release|Any CPU
		{DAE9F722-2792-4569-A0C7-17ED4BCF2D8F}.Release|x64.ActiveCfg = Release|Any CPU
		{DAE9F722-2792-4569-A0C7-17ED4BCF2D8F}.Release|x64.Build.0 = Release|Any CPU
		{DAE9F722-2792-4569-A0C7-17ED4BCF2D8F}.Release|x86.ActiveCfg = Release|Any CPU
		{DAE9F722-2792-4569-A0C7-17ED4BCF2D8F}.Release|x86.Build.0 = Release|Any CPU
		{F17295C6-2C4C-4B53-898C-C1753686DB1D}.Debug|Any CPU.ActiveCfg = Debug|Any CPU
		{F17295C6-2C4C-4B53-898C-C1753686DB1D}.Debug|Any CPU.Build.0 = Debug|Any CPU
		{F17295C6-2C4C-4B53-898C-C1753686DB1D}.Debug|x64.ActiveCfg = Debug|Any CPU
		{F17295C6-2C4C-4B53-898C-C1753686DB1D}.Debug|x64.Build.0 = Debug|Any CPU
		{F17295C6-2C4C-4B53-898C-C1753686DB1D}.Debug|x86.ActiveCfg = Debug|Any CPU
		{F17295C6-2C4C-4B53-898C-C1753686DB1D}.Debug|x86.Build.0 = Debug|Any CPU
		{F17295C6-2C4C-4B53-898C-C1753686DB1D}.Release|Any CPU.ActiveCfg = Release|Any CPU
		{F17295C6-2C4C-4B53-898C-C1753686DB1D}.Release|Any CPU.Build.0 = Release|Any CPU
		{F17295C6-2C4C-4B53-898C-C1753686DB1D}.Release|x64.ActiveCfg = Release|Any CPU
		{F17295C6-2C4C-4B53-898C-C1753686DB1D}.Release|x64.Build.0 = Release|Any CPU
		{F17295C6-2C4C-4B53-898C-C1753686DB1D}.Release|x86.ActiveCfg = Release|Any CPU
		{F17295C6-2C4C-4B53-898C-C1753686DB1D}.Release|x86.Build.0 = Release|Any CPU
		{7E8BD113-3ED2-49F5-8374-19368399B598}.Debug|Any CPU.ActiveCfg = Debug|Any CPU
		{7E8BD113-3ED2-49F5-8374-19368399B598}.Debug|Any CPU.Build.0 = Debug|Any CPU
		{7E8BD113-3ED2-49F5-8374-19368399B598}.Debug|x64.ActiveCfg = Debug|Any CPU
		{7E8BD113-3ED2-49F5-8374-19368399B598}.Debug|x64.Build.0 = Debug|Any CPU
		{7E8BD113-3ED2-49F5-8374-19368399B598}.Debug|x86.ActiveCfg = Debug|Any CPU
		{7E8BD113-3ED2-49F5-8374-19368399B598}.Debug|x86.Build.0 = Debug|Any CPU
		{7E8BD113-3ED2-49F5-8374-19368399B598}.Release|Any CPU.ActiveCfg = Release|Any CPU
		{7E8BD113-3ED2-49F5-8374-19368399B598}.Release|Any CPU.Build.0 = Release|Any CPU
		{7E8BD113-3ED2-49F5-8374-19368399B598}.Release|x64.ActiveCfg = Release|Any CPU
		{7E8BD113-3ED2-49F5-8374-19368399B598}.Release|x64.Build.0 = Release|Any CPU
		{7E8BD113-3ED2-49F5-8374-19368399B598}.Release|x86.ActiveCfg = Release|Any CPU
		{7E8BD113-3ED2-49F5-8374-19368399B598}.Release|x86.Build.0 = Release|Any CPU
		{59B88B45-5475-4B61-8FC0-7314B9FFC24E}.Debug|Any CPU.ActiveCfg = Debug|Any CPU
		{59B88B45-5475-4B61-8FC0-7314B9FFC24E}.Debug|Any CPU.Build.0 = Debug|Any CPU
		{59B88B45-5475-4B61-8FC0-7314B9FFC24E}.Debug|x64.ActiveCfg = Debug|Any CPU
		{59B88B45-5475-4B61-8FC0-7314B9FFC24E}.Debug|x64.Build.0 = Debug|Any CPU
		{59B88B45-5475-4B61-8FC0-7314B9FFC24E}.Debug|x86.ActiveCfg = Debug|Any CPU
		{59B88B45-5475-4B61-8FC0-7314B9FFC24E}.Debug|x86.Build.0 = Debug|Any CPU
		{59B88B45-5475-4B61-8FC0-7314B9FFC24E}.Release|Any CPU.ActiveCfg = Release|Any CPU
		{59B88B45-5475-4B61-8FC0-7314B9FFC24E}.Release|Any CPU.Build.0 = Release|Any CPU
		{59B88B45-5475-4B61-8FC0-7314B9FFC24E}.Release|x64.ActiveCfg = Release|Any CPU
		{59B88B45-5475-4B61-8FC0-7314B9FFC24E}.Release|x64.Build.0 = Release|Any CPU
		{59B88B45-5475-4B61-8FC0-7314B9FFC24E}.Release|x86.ActiveCfg = Release|Any CPU
		{59B88B45-5475-4B61-8FC0-7314B9FFC24E}.Release|x86.Build.0 = Release|Any CPU
		{DD8FC290-B71F-498F-842F-8A3001A48BAB}.Debug|Any CPU.ActiveCfg = Debug|Any CPU
		{DD8FC290-B71F-498F-842F-8A3001A48BAB}.Debug|Any CPU.Build.0 = Debug|Any CPU
		{DD8FC290-B71F-498F-842F-8A3001A48BAB}.Debug|x64.ActiveCfg = Debug|Any CPU
		{DD8FC290-B71F-498F-842F-8A3001A48BAB}.Debug|x64.Build.0 = Debug|Any CPU
		{DD8FC290-B71F-498F-842F-8A3001A48BAB}.Debug|x86.ActiveCfg = Debug|Any CPU
		{DD8FC290-B71F-498F-842F-8A3001A48BAB}.Debug|x86.Build.0 = Debug|Any CPU
		{DD8FC290-B71F-498F-842F-8A3001A48BAB}.Release|Any CPU.ActiveCfg = Release|Any CPU
		{DD8FC290-B71F-498F-842F-8A3001A48BAB}.Release|Any CPU.Build.0 = Release|Any CPU
		{DD8FC290-B71F-498F-842F-8A3001A48BAB}.Release|x64.ActiveCfg = Release|Any CPU
		{DD8FC290-B71F-498F-842F-8A3001A48BAB}.Release|x64.Build.0 = Release|Any CPU
		{DD8FC290-B71F-498F-842F-8A3001A48BAB}.Release|x86.ActiveCfg = Release|Any CPU
		{DD8FC290-B71F-498F-842F-8A3001A48BAB}.Release|x86.Build.0 = Release|Any CPU
		{289396DA-B476-4E66-BB98-0FAC126A003A}.Debug|Any CPU.ActiveCfg = Debug|Any CPU
		{289396DA-B476-4E66-BB98-0FAC126A003A}.Debug|Any CPU.Build.0 = Debug|Any CPU
		{289396DA-B476-4E66-BB98-0FAC126A003A}.Debug|x64.ActiveCfg = Debug|Any CPU
		{289396DA-B476-4E66-BB98-0FAC126A003A}.Debug|x64.Build.0 = Debug|Any CPU
		{289396DA-B476-4E66-BB98-0FAC126A003A}.Debug|x86.ActiveCfg = Debug|Any CPU
		{289396DA-B476-4E66-BB98-0FAC126A003A}.Debug|x86.Build.0 = Debug|Any CPU
		{289396DA-B476-4E66-BB98-0FAC126A003A}.Release|Any CPU.ActiveCfg = Release|Any CPU
		{289396DA-B476-4E66-BB98-0FAC126A003A}.Release|Any CPU.Build.0 = Release|Any CPU
		{289396DA-B476-4E66-BB98-0FAC126A003A}.Release|x64.ActiveCfg = Release|Any CPU
		{289396DA-B476-4E66-BB98-0FAC126A003A}.Release|x64.Build.0 = Release|Any CPU
		{289396DA-B476-4E66-BB98-0FAC126A003A}.Release|x86.ActiveCfg = Release|Any CPU
		{289396DA-B476-4E66-BB98-0FAC126A003A}.Release|x86.Build.0 = Release|Any CPU
		{5D957593-C179-4E22-A921-1A0DEC76B247}.Debug|Any CPU.ActiveCfg = Debug|Any CPU
		{5D957593-C179-4E22-A921-1A0DEC76B247}.Debug|Any CPU.Build.0 = Debug|Any CPU
		{5D957593-C179-4E22-A921-1A0DEC76B247}.Debug|x64.ActiveCfg = Debug|Any CPU
		{5D957593-C179-4E22-A921-1A0DEC76B247}.Debug|x64.Build.0 = Debug|Any CPU
		{5D957593-C179-4E22-A921-1A0DEC76B247}.Debug|x86.ActiveCfg = Debug|Any CPU
		{5D957593-C179-4E22-A921-1A0DEC76B247}.Debug|x86.Build.0 = Debug|Any CPU
		{5D957593-C179-4E22-A921-1A0DEC76B247}.Release|Any CPU.ActiveCfg = Release|Any CPU
		{5D957593-C179-4E22-A921-1A0DEC76B247}.Release|Any CPU.Build.0 = Release|Any CPU
		{5D957593-C179-4E22-A921-1A0DEC76B247}.Release|x64.ActiveCfg = Release|Any CPU
		{5D957593-C179-4E22-A921-1A0DEC76B247}.Release|x64.Build.0 = Release|Any CPU
		{5D957593-C179-4E22-A921-1A0DEC76B247}.Release|x86.ActiveCfg = Release|Any CPU
		{5D957593-C179-4E22-A921-1A0DEC76B247}.Release|x86.Build.0 = Release|Any CPU
		{2529DF5E-64EC-497F-B2DD-78F5D3C31B7C}.Debug|Any CPU.ActiveCfg = Debug|Any CPU
		{2529DF5E-64EC-497F-B2DD-78F5D3C31B7C}.Debug|Any CPU.Build.0 = Debug|Any CPU
		{2529DF5E-64EC-497F-B2DD-78F5D3C31B7C}.Debug|x64.ActiveCfg = Debug|Any CPU
		{2529DF5E-64EC-497F-B2DD-78F5D3C31B7C}.Debug|x64.Build.0 = Debug|Any CPU
		{2529DF5E-64EC-497F-B2DD-78F5D3C31B7C}.Debug|x86.ActiveCfg = Debug|Any CPU
		{2529DF5E-64EC-497F-B2DD-78F5D3C31B7C}.Debug|x86.Build.0 = Debug|Any CPU
		{2529DF5E-64EC-497F-B2DD-78F5D3C31B7C}.Release|Any CPU.ActiveCfg = Release|Any CPU
		{2529DF5E-64EC-497F-B2DD-78F5D3C31B7C}.Release|Any CPU.Build.0 = Release|Any CPU
		{2529DF5E-64EC-497F-B2DD-78F5D3C31B7C}.Release|x64.ActiveCfg = Release|Any CPU
		{2529DF5E-64EC-497F-B2DD-78F5D3C31B7C}.Release|x64.Build.0 = Release|Any CPU
		{2529DF5E-64EC-497F-B2DD-78F5D3C31B7C}.Release|x86.ActiveCfg = Release|Any CPU
		{2529DF5E-64EC-497F-B2DD-78F5D3C31B7C}.Release|x86.Build.0 = Release|Any CPU
		{A1B2C3D4-E5F6-7890-ABCD-EF1234567891}.Debug|Any CPU.ActiveCfg = Debug|Any CPU
		{A1B2C3D4-E5F6-7890-ABCD-EF1234567891}.Debug|Any CPU.Build.0 = Debug|Any CPU
		{A1B2C3D4-E5F6-7890-ABCD-EF1234567891}.Debug|x64.ActiveCfg = Debug|Any CPU
		{A1B2C3D4-E5F6-7890-ABCD-EF1234567891}.Debug|x64.Build.0 = Debug|Any CPU
		{A1B2C3D4-E5F6-7890-ABCD-EF1234567891}.Debug|x86.ActiveCfg = Debug|Any CPU
		{A1B2C3D4-E5F6-7890-ABCD-EF1234567891}.Debug|x86.Build.0 = Debug|Any CPU
		{A1B2C3D4-E5F6-7890-ABCD-EF1234567891}.Release|Any CPU.ActiveCfg = Release|Any CPU
		{A1B2C3D4-E5F6-7890-ABCD-EF1234567891}.Release|Any CPU.Build.0 = Release|Any CPU
		{A1B2C3D4-E5F6-7890-ABCD-EF1234567891}.Release|x64.ActiveCfg = Release|Any CPU
		{A1B2C3D4-E5F6-7890-ABCD-EF1234567891}.Release|x64.Build.0 = Release|Any CPU
		{A1B2C3D4-E5F6-7890-ABCD-EF1234567891}.Release|x86.ActiveCfg = Release|Any CPU
		{A1B2C3D4-E5F6-7890-ABCD-EF1234567891}.Release|x86.Build.0 = Release|Any CPU
		{A246C515-75F7-44F9-A9F3-6E11EB717D19}.Debug|Any CPU.ActiveCfg = Debug|Any CPU
		{A246C515-75F7-44F9-A9F3-6E11EB717D19}.Debug|Any CPU.Build.0 = Debug|Any CPU
		{A246C515-75F7-44F9-A9F3-6E11EB717D19}.Debug|x64.ActiveCfg = Debug|Any CPU
		{A246C515-75F7-44F9-A9F3-6E11EB717D19}.Debug|x64.Build.0 = Debug|Any CPU
		{A246C515-75F7-44F9-A9F3-6E11EB717D19}.Debug|x86.ActiveCfg = Debug|Any CPU
		{A246C515-75F7-44F9-A9F3-6E11EB717D19}.Debug|x86.Build.0 = Debug|Any CPU
		{A246C515-75F7-44F9-A9F3-6E11EB717D19}.Release|Any CPU.ActiveCfg = Release|Any CPU
		{A246C515-75F7-44F9-A9F3-6E11EB717D19}.Release|Any CPU.Build.0 = Release|Any CPU
		{A246C515-75F7-44F9-A9F3-6E11EB717D19}.Release|x64.ActiveCfg = Release|Any CPU
		{A246C515-75F7-44F9-A9F3-6E11EB717D19}.Release|x64.Build.0 = Release|Any CPU
		{A246C515-75F7-44F9-A9F3-6E11EB717D19}.Release|x86.ActiveCfg = Release|Any CPU
		{A246C515-75F7-44F9-A9F3-6E11EB717D19}.Release|x86.Build.0 = Release|Any CPU
		{CA2BE0FF-661E-4948-8FA1-C80107FDFE3D}.Debug|Any CPU.ActiveCfg = Debug|Any CPU
		{CA2BE0FF-661E-4948-8FA1-C80107FDFE3D}.Debug|Any CPU.Build.0 = Debug|Any CPU
		{CA2BE0FF-661E-4948-8FA1-C80107FDFE3D}.Debug|x64.ActiveCfg = Debug|Any CPU
		{CA2BE0FF-661E-4948-8FA1-C80107FDFE3D}.Debug|x64.Build.0 = Debug|Any CPU
		{CA2BE0FF-661E-4948-8FA1-C80107FDFE3D}.Debug|x86.ActiveCfg = Debug|Any CPU
		{CA2BE0FF-661E-4948-8FA1-C80107FDFE3D}.Debug|x86.Build.0 = Debug|Any CPU
		{CA2BE0FF-661E-4948-8FA1-C80107FDFE3D}.Release|Any CPU.ActiveCfg = Release|Any CPU
		{CA2BE0FF-661E-4948-8FA1-C80107FDFE3D}.Release|Any CPU.Build.0 = Release|Any CPU
		{CA2BE0FF-661E-4948-8FA1-C80107FDFE3D}.Release|x64.ActiveCfg = Release|Any CPU
		{CA2BE0FF-661E-4948-8FA1-C80107FDFE3D}.Release|x64.Build.0 = Release|Any CPU
		{CA2BE0FF-661E-4948-8FA1-C80107FDFE3D}.Release|x86.ActiveCfg = Release|Any CPU
		{CA2BE0FF-661E-4948-8FA1-C80107FDFE3D}.Release|x86.Build.0 = Release|Any CPU
		{96C9BB99-3009-471D-BD29-EDCE0FF990C6}.Debug|Any CPU.ActiveCfg = Debug|Any CPU
		{96C9BB99-3009-471D-BD29-EDCE0FF990C6}.Debug|Any CPU.Build.0 = Debug|Any CPU
		{96C9BB99-3009-471D-BD29-EDCE0FF990C6}.Debug|x64.ActiveCfg = Debug|Any CPU
		{96C9BB99-3009-471D-BD29-EDCE0FF990C6}.Debug|x64.Build.0 = Debug|Any CPU
		{96C9BB99-3009-471D-BD29-EDCE0FF990C6}.Debug|x86.ActiveCfg = Debug|Any CPU
		{96C9BB99-3009-471D-BD29-EDCE0FF990C6}.Debug|x86.Build.0 = Debug|Any CPU
		{96C9BB99-3009-471D-BD29-EDCE0FF990C6}.Release|Any CPU.ActiveCfg = Release|Any CPU
		{96C9BB99-3009-471D-BD29-EDCE0FF990C6}.Release|Any CPU.Build.0 = Release|Any CPU
		{96C9BB99-3009-471D-BD29-EDCE0FF990C6}.Release|x64.ActiveCfg = Release|Any CPU
		{96C9BB99-3009-471D-BD29-EDCE0FF990C6}.Release|x64.Build.0 = Release|Any CPU
		{96C9BB99-3009-471D-BD29-EDCE0FF990C6}.Release|x86.ActiveCfg = Release|Any CPU
		{96C9BB99-3009-471D-BD29-EDCE0FF990C6}.Release|x86.Build.0 = Release|Any CPU
		{060BFD02-5EB3-4260-AA7C-8E2A5F80AA4C}.Debug|Any CPU.ActiveCfg = Debug|Any CPU
		{060BFD02-5EB3-4260-AA7C-8E2A5F80AA4C}.Debug|Any CPU.Build.0 = Debug|Any CPU
		{060BFD02-5EB3-4260-AA7C-8E2A5F80AA4C}.Debug|x64.ActiveCfg = Debug|Any CPU
		{060BFD02-5EB3-4260-AA7C-8E2A5F80AA4C}.Debug|x64.Build.0 = Debug|Any CPU
		{060BFD02-5EB3-4260-AA7C-8E2A5F80AA4C}.Debug|x86.ActiveCfg = Debug|Any CPU
		{060BFD02-5EB3-4260-AA7C-8E2A5F80AA4C}.Debug|x86.Build.0 = Debug|Any CPU
		{060BFD02-5EB3-4260-AA7C-8E2A5F80AA4C}.Release|Any CPU.ActiveCfg = Release|Any CPU
		{060BFD02-5EB3-4260-AA7C-8E2A5F80AA4C}.Release|Any CPU.Build.0 = Release|Any CPU
		{060BFD02-5EB3-4260-AA7C-8E2A5F80AA4C}.Release|x64.ActiveCfg = Release|Any CPU
		{060BFD02-5EB3-4260-AA7C-8E2A5F80AA4C}.Release|x64.Build.0 = Release|Any CPU
		{060BFD02-5EB3-4260-AA7C-8E2A5F80AA4C}.Release|x86.ActiveCfg = Release|Any CPU
		{060BFD02-5EB3-4260-AA7C-8E2A5F80AA4C}.Release|x86.Build.0 = Release|Any CPU
		{230E837C-3325-42EA-BA0F-303B69963D68}.Debug|Any CPU.ActiveCfg = Debug|Any CPU
		{230E837C-3325-42EA-BA0F-303B69963D68}.Debug|Any CPU.Build.0 = Debug|Any CPU
		{230E837C-3325-42EA-BA0F-303B69963D68}.Debug|x64.ActiveCfg = Debug|Any CPU
		{230E837C-3325-42EA-BA0F-303B69963D68}.Debug|x64.Build.0 = Debug|Any CPU
		{230E837C-3325-42EA-BA0F-303B69963D68}.Debug|x86.ActiveCfg = Debug|Any CPU
		{230E837C-3325-42EA-BA0F-303B69963D68}.Debug|x86.Build.0 = Debug|Any CPU
		{230E837C-3325-42EA-BA0F-303B69963D68}.Release|Any CPU.ActiveCfg = Release|Any CPU
		{230E837C-3325-42EA-BA0F-303B69963D68}.Release|Any CPU.Build.0 = Release|Any CPU
		{230E837C-3325-42EA-BA0F-303B69963D68}.Release|x64.ActiveCfg = Release|Any CPU
		{230E837C-3325-42EA-BA0F-303B69963D68}.Release|x64.Build.0 = Release|Any CPU
		{230E837C-3325-42EA-BA0F-303B69963D68}.Release|x86.ActiveCfg = Release|Any CPU
		{230E837C-3325-42EA-BA0F-303B69963D68}.Release|x86.Build.0 = Release|Any CPU
		{647D794D-A286-73CD-E610-4AF1A66113C3}.Debug|Any CPU.ActiveCfg = Debug|Any CPU
		{647D794D-A286-73CD-E610-4AF1A66113C3}.Debug|Any CPU.Build.0 = Debug|Any CPU
		{647D794D-A286-73CD-E610-4AF1A66113C3}.Debug|x64.ActiveCfg = Debug|Any CPU
		{647D794D-A286-73CD-E610-4AF1A66113C3}.Debug|x64.Build.0 = Debug|Any CPU
		{647D794D-A286-73CD-E610-4AF1A66113C3}.Debug|x86.ActiveCfg = Debug|Any CPU
		{647D794D-A286-73CD-E610-4AF1A66113C3}.Debug|x86.Build.0 = Debug|Any CPU
		{647D794D-A286-73CD-E610-4AF1A66113C3}.Release|Any CPU.ActiveCfg = Release|Any CPU
		{647D794D-A286-73CD-E610-4AF1A66113C3}.Release|Any CPU.Build.0 = Release|Any CPU
		{647D794D-A286-73CD-E610-4AF1A66113C3}.Release|x64.ActiveCfg = Release|Any CPU
		{647D794D-A286-73CD-E610-4AF1A66113C3}.Release|x64.Build.0 = Release|Any CPU
		{647D794D-A286-73CD-E610-4AF1A66113C3}.Release|x86.ActiveCfg = Release|Any CPU
		{647D794D-A286-73CD-E610-4AF1A66113C3}.Release|x86.Build.0 = Release|Any CPU
	EndGlobalSection
	GlobalSection(SolutionProperties) = preSolution
		HideSolutionNode = FALSE
	EndGlobalSection
	GlobalSection(NestedProjects) = preSolution
		{C0D3587E-146B-0461-A9EE-63B8225B7EFA} = {07D57EEB-2F50-60C4-C011-FE4FA775C9A8}
		{48132410-428D-68FA-58F7-433FC3024040} = {07D57EEB-2F50-60C4-C011-FE4FA775C9A8}
		{169AA057-E0AA-7B5E-5C92-5BD17B0C6DAA} = {07D57EEB-2F50-60C4-C011-FE4FA775C9A8}
		{589DB843-878F-CEB5-4C79-32FB20B0E7CF} = {07D57EEB-2F50-60C4-C011-FE4FA775C9A8}
		{57B71314-0579-B23B-6938-8A63F74CA15D} = {07D57EEB-2F50-60C4-C011-FE4FA775C9A8}
		{EBC29B59-216D-1B0E-C515-0BD91669EE17} = {07D57EEB-2F50-60C4-C011-FE4FA775C9A8}
		{9982512D-D844-F97C-880A-FFF821434714} = {07D57EEB-2F50-60C4-C011-FE4FA775C9A8}
		{5CAD6086-394F-15F4-E9AB-C687FAE84797} = {07D57EEB-2F50-60C4-C011-FE4FA775C9A8}
		{2E6462E8-132D-4E45-9BDE-7E1AF47098CE} = {07D57EEB-2F50-60C4-C011-FE4FA775C9A8}
		{4F6AD9B1-26E0-C2BC-F9C3-5B73F9B6258B} = {07D57EEB-2F50-60C4-C011-FE4FA775C9A8}
		{A7F8B914-58C3-DFD2-78C4-767E0C357190} = {07D57EEB-2F50-60C4-C011-FE4FA775C9A8}
		{2C2B6DB0-4EC4-3927-9523-208A7A40CAFA} = {07D57EEB-2F50-60C4-C011-FE4FA775C9A8}
		{E20385C6-4CD7-5BF4-C007-71E5EE00BC8D} = {0AB3BF05-4346-4AA6-1389-037BE0695223}
		{5C35D9BE-388A-8745-CD5F-BB8E361A8720} = {0AB3BF05-4346-4AA6-1389-037BE0695223}
		{2CDFC2B4-03A0-2A52-1000-A892D95DD3FA} = {0AB3BF05-4346-4AA6-1389-037BE0695223}
		{28A6993C-471E-82FE-7D9E-AD3B1EC22BD9} = {0AB3BF05-4346-4AA6-1389-037BE0695223}
		{251FA40C-AC2F-1119-6E2C-255695F88EFF} = {0AB3BF05-4346-4AA6-1389-037BE0695223}
		{F8570426-8FA3-4E8C-A92F-90CB59FAD805} = {FBF56CC3-7AE6-AD2D-3F14-7F97FD322CD6}
		{484C6B66-5F4F-4E5C-AB62-E684D173E0E2} = {DFEE68D8-A7D0-1A41-506C-9B74AA9A7B7B}
		{AC11F8FD-8767-4AF8-8719-D643A526227B} = {4F52FD11-658E-A102-6CD3-7D7C16FFA15B}
		{8454B9B4-DA09-4DC2-A5C4-2E7DF438D250} = {6EDC7094-E22D-CF10-605B-B42C7FB8B0A8}
		{AEDBB7EB-89B3-406E-B27C-6938A35BA847} = {C0D3587E-146B-0461-A9EE-63B8225B7EFA}
		{7DB13170-CD03-4904-A5E9-FCB64808E700} = {48132410-428D-68FA-58F7-433FC3024040}
		{1F9D98A4-9AFC-4C49-BB8A-4EF2BB3ED86D} = {169AA057-E0AA-7B5E-5C92-5BD17B0C6DAA}
		{96DCA361-3947-4D61-88E8-79CA79ECA41C} = {589DB843-878F-CEB5-4C79-32FB20B0E7CF}
		{DAE9F722-2792-4569-A0C7-17ED4BCF2D8F} = {57B71314-0579-B23B-6938-8A63F74CA15D}
		{F17295C6-2C4C-4B53-898C-C1753686DB1D} = {EBC29B59-216D-1B0E-C515-0BD91669EE17}
		{7E8BD113-3ED2-49F5-8374-19368399B598} = {9982512D-D844-F97C-880A-FFF821434714}
		{59B88B45-5475-4B61-8FC0-7314B9FFC24E} = {5CAD6086-394F-15F4-E9AB-C687FAE84797}
		{DD8FC290-B71F-498F-842F-8A3001A48BAB} = {2E6462E8-132D-4E45-9BDE-7E1AF47098CE}
		{289396DA-B476-4E66-BB98-0FAC126A003A} = {4F6AD9B1-26E0-C2BC-F9C3-5B73F9B6258B}
		{5D957593-C179-4E22-A921-1A0DEC76B247} = {A7F8B914-58C3-DFD2-78C4-767E0C357190}
		{2529DF5E-64EC-497F-B2DD-78F5D3C31B7C} = {2C2B6DB0-4EC4-3927-9523-208A7A40CAFA}
		{B3C1A2D4-5E6F-7890-ABCD-EF1234567890} = {07D57EEB-2F50-60C4-C011-FE4FA775C9A8}
		{A1B2C3D4-E5F6-7890-ABCD-EF1234567891} = {B3C1A2D4-5E6F-7890-ABCD-EF1234567890}
		{A246C515-75F7-44F9-A9F3-6E11EB717D19} = {E20385C6-4CD7-5BF4-C007-71E5EE00BC8D}
		{CA2BE0FF-661E-4948-8FA1-C80107FDFE3D} = {5C35D9BE-388A-8745-CD5F-BB8E361A8720}
		{96C9BB99-3009-471D-BD29-EDCE0FF990C6} = {2CDFC2B4-03A0-2A52-1000-A892D95DD3FA}
		{060BFD02-5EB3-4260-AA7C-8E2A5F80AA4C} = {28A6993C-471E-82FE-7D9E-AD3B1EC22BD9}
		{230E837C-3325-42EA-BA0F-303B69963D68} = {251FA40C-AC2F-1119-6E2C-255695F88EFF}
	EndGlobalSection
EndGlobal
